
Microsoft Visual Studio Solution File, Format Version 12.00
# Visual Studio 15
VisualStudioVersion = 15.0.27703.2042
MinimumVisualStudioVersion = 10.0.40219.1
Project("{FAE04EC0-301F-11D3-BF4B-00C04F79EFBC}") = "GitHubDemo", "GitHubDemo\GitHubDemo.csproj", "{04FD45D7-EF25-4AFC-9620-370BB522916C}"
EndProject
Global
	GlobalSection(SolutionConfigurationPlatforms) = preSolution
		Debug|Any CPU = Debug|Any CPU
		Release|Any CPU = Release|Any CPU
	EndGlobalSection
	GlobalSection(ProjectConfigurationPlatforms) = postSolution
		{04FD45D7-EF25-4AFC-9620-370BB522916C}.Debug|Any CPU.ActiveCfg = Debug|Any CPU
		{04FD45D7-EF25-4AFC-9620-370BB522916C}.Debug|Any CPU.Build.0 = Debug|Any CPU
		{04FD45D7-EF25-4AFC-9620-370BB522916C}.Release|Any CPU.ActiveCfg = Release|Any CPU
		{04FD45D7-EF25-4AFC-9620-370BB522916C}.Release|Any CPU.Build.0 = Release|Any CPU
	EndGlobalSection
	GlobalSection(SolutionProperties) = preSolution
		HideSolutionNode = FALSE
	EndGlobalSection
	GlobalSection(ExtensibilityGlobals) = postSolution
		SolutionGuid = {50F9E084-FBB3-46DD-8B1D-A9D85216200F}
	EndGlobalSection
EndGlobal
